
Microsoft Visual Studio Solution File, Format Version 12.00
# Visual Studio Version 17
VisualStudioVersion = 17.0.31903.59
MinimumVisualStudioVersion = 10.0.40219.1
Project("{2150E333-8FDC-42A3-9474-1A3956D46DE8}") = "src", "src", "{827E0CD3-B72D-47B6-A68D-7590B98EB39B}"
EndProject
Project("{FAE04EC0-301F-11D3-BF4B-00C04F79EFBC}") = "War.Shared", "src\War.Shared\War.Shared.csproj", "{D5005D8D-7F75-4C42-A159-F1B416038F11}"
EndProject
Project("{FAE04EC0-301F-11D3-BF4B-00C04F79EFBC}") = "War.Backend", "src\War.Backend\War.Backend.csproj", "{CEB3488C-FEE6-48D3-9A65-E019D962D855}"
EndProject
Project("{FAE04EC0-301F-11D3-BF4B-00C04F79EFBC}") = "War.BattleServer", "src\War.BattleServer\War.BattleServer.csproj", "{FFD3DFA6-AD93-4C54-9D6B-3D8AF661FE52}"
EndProject
Project("{FAE04EC0-301F-11D3-BF4B-00C04F79EFBC}") = "War.Persistence", "src\War.Persistence\War.Persistence.csproj", "{76F89F73-68BF-4FD6-9133-8101E7E85A69}"
EndProject
Project("{FAE04EC0-301F-11D3-BF4B-00C04F79EFBC}") = "War.Infrastructure", "src\War.Infrastructure\War.Infrastructure.csproj", "{EB1750BB-92E0-46B5-8CEF-C92E04D314B7}"
EndProject
Project("{2150E333-8FDC-42A3-9474-1A3956D46DE8}") = "tests", "tests", "{0AB3BF05-4346-4AA6-1389-037BE0695223}"
EndProject
Project("{FAE04EC0-301F-11D3-BF4B-00C04F79EFBC}") = "War.Protocol.Tests", "tests\War.Protocol.Tests\War.Protocol.Tests.csproj", "{65BF4AB8-CB83-437D-AF90-8674BD506335}"
EndProject
Project("{2150E333-8FDC-42A3-9474-1A3956D46DE8}") = "tools", "tools", "{07C2787E-EAC7-C090-1BA3-A61EC2A24D84}"
EndProject
Project("{FAE04EC0-301F-11D3-BF4B-00C04F79EFBC}") = "War.SmokeClient", "tools\War.SmokeClient\War.SmokeClient.csproj", "{3C75897B-0A81-476B-AB66-2016BE7E9E00}"
EndProject
Project("{FAE04EC0-301F-11D3-BF4B-00C04F79EFBC}") = "War.Client", "src\War.Client\War.Client.csproj", "{CE338AD4-5363-4098-930A-B51675ECE403}"
EndProject
Project("{FAE04EC0-301F-11D3-BF4B-00C04F79EFBC}") = "War.Battle.Tests", "tests\War.Battle.Tests\War.Battle.Tests.csproj", "{540BC330-71E4-4766-B978-CF331A276942}"
EndProject
Global
	GlobalSection(SolutionConfigurationPlatforms) = preSolution
		Debug|Any CPU = Debug|Any CPU
		Debug|x64 = Debug|x64
		Debug|x86 = Debug|x86
		Release|Any CPU = Release|Any CPU
		Release|x64 = Release|x64
		Release|x86 = Release|x86
	EndGlobalSection
	GlobalSection(ProjectConfigurationPlatforms) = postSolution
		{D5005D8D-7F75-4C42-A159-F1B416038F11}.Debug|Any CPU.ActiveCfg = Debug|Any CPU
		{D5005D8D-7F75-4C42-A159-F1B416038F11}.Debug|Any CPU.Build.0 = Debug|Any CPU
		{D5005D8D-7F75-4C42-A159-F1B416038F11}.Debug|x64.ActiveCfg = Debug|Any CPU
		{D5005D8D-7F75-4C42-A159-F1B416038F11}.Debug|x64.Build.0 = Debug|Any CPU
		{D5005D8D-7F75-4C42-A159-F1B416038F11}.Debug|x86.ActiveCfg = Debug|Any CPU
		{D5005D8D-7F75-4C42-A159-F1B416038F11}.Debug|x86.Build.0 = Debug|Any CPU
		{D5005D8D-7F75-4C42-A159-F1B416038F11}.Release|Any CPU.ActiveCfg = Release|Any CPU
		{D5005D8D-7F75-4C42-A159-F1B416038F11}.Release|Any CPU.Build.0 = Release|Any CPU
		{D5005D8D-7F75-4C42-A159-F1B416038F11}.Release|x64.ActiveCfg = Release|Any CPU
		{D5005D8D-7F75-4C42-A159-F1B416038F11}.Release|x64.Build.0 = Release|Any CPU
		{D5005D8D-7F75-4C42-A159-F1B416038F11}.Release|x86.ActiveCfg = Release|Any CPU
		{D5005D8D-7F75-4C42-A159-F1B416038F11}.Release|x86.Build.0 = Release|Any CPU
		{CEB3488C-FEE6-48D3-9A65-E019D962D855}.Debug|Any CPU.ActiveCfg = Debug|Any CPU
		{CEB3488C-FEE6-48D3-9A65-E019D962D855}.Debug|Any CPU.Build.0 = Debug|Any CPU
		{CEB3488C-FEE6-48D3-9A65-E019D962D855}.Debug|x64.ActiveCfg = Debug|Any CPU
		{CEB3488C-FEE6-48D3-9A65-E019D962D855}.Debug|x64.Build.0 = Debug|Any CPU
		{CEB3488C-FEE6-48D3-9A65-E019D962D855}.Debug|x86.ActiveCfg = Debug|Any CPU
		{CEB3488C-FEE6-48D3-9A65-E019D962D855}.Debug|x86.Build.0 = Debug|Any CPU
		{CEB3488C-FEE6-48D3-9A65-E019D962D855}.Release|Any CPU.ActiveCfg = Release|Any CPU
		{CEB3488C-FEE6-48D3-9A65-E019D962D855}.Release|Any CPU.Build.0 = Release|Any CPU
		{CEB3488C-FEE6-48D3-9A65-E019D962D855}.Release|x64.ActiveCfg = Release|Any CPU
		{CEB3488C-FEE6-48D3-9A65-E019D962D855}.Release|x64.Build.0 = Release|Any CPU
		{CEB3488C-FEE6-48D3-9A65-E019D962D855}.Release|x86.ActiveCfg = Release|Any CPU
		{CEB3488C-FEE6-48D3-9A65-E019D962D855}.Release|x86.Build.0 = Release|Any CPU
		{FFD3DFA6-AD93-4C54-9D6B-3D8AF661FE52}.Debug|Any CPU.ActiveCfg = Debug|Any CPU
		{FFD3DFA6-AD93-4C54-9D6B-3D8AF661FE52}.Debug|Any CPU.Build.0 = Debug|Any CPU
		{FFD3DFA6-AD93-4C54-9D6B-3D8AF661FE52}.Debug|x64.ActiveCfg = Debug|Any CPU
		{FFD3DFA6-AD93-4C54-9D6B-3D8AF661FE52}.Debug|x64.Build.0 = Debug|Any CPU
		{FFD3DFA6-AD93-4C54-9D6B-3D8AF661FE52}.Debug|x86.ActiveCfg = Debug|Any CPU
		{FFD3DFA6-AD93-4C54-9D6B-3D8AF661FE52}.Debug|x86.Build.0 = Debug|Any CPU
		{FFD3DFA6-AD93-4C54-9D6B-3D8AF661FE52}.Release|Any CPU.ActiveCfg = Release|Any CPU
		{FFD3DFA6-AD93-4C54-9D6B-3D8AF661FE52}.Release|Any CPU.Build.0 = Release|Any CPU
		{FFD3DFA6-AD93-4C54-9D6B-3D8AF661FE52}.Release|x64.ActiveCfg = Release|Any CPU
		{FFD3DFA6-AD93-4C54-9D6B-3D8AF661FE52}.Release|x64.Build.0 = Release|Any CPU
		{FFD3DFA6-AD93-4C54-9D6B-3D8AF661FE52}.Release|x86.ActiveCfg = Release|Any CPU
		{FFD3DFA6-AD93-4C54-9D6B-3D8AF661FE52}.Release|x86.Build.0 = Release|Any CPU
		{76F89F73-68BF-4FD6-9133-8101E7E85A69}.Debug|Any CPU.ActiveCfg = Debug|Any CPU
		{76F89F73-68BF-4FD6-9133-8101E7E85A69}.Debug|Any CPU.Build.0 = Debug|Any CPU
		{76F89F73-68BF-4FD6-9133-8101E7E85A69}.Debug|x64.ActiveCfg = Debug|Any CPU
		{76F89F73-68BF-4FD6-9133-8101E7E85A69}.Debug|x64.Build.0 = Debug|Any CPU
		{76F89F73-68BF-4FD6-9133-8101E7E85A69}.Debug|x86.ActiveCfg = Debug|Any CPU
		{76F89F73-68BF-4FD6-9133-8101E7E85A69}.Debug|x86.Build.0 = Debug|Any CPU
		{76F89F73-68BF-4FD6-9133-8101E7E85A69}.Release|Any CPU.ActiveCfg = Release|Any CPU
		{76F89F73-68BF-4FD6-9133-8101E7E85A69}.Release|Any CPU.Build.0 = Release|Any CPU
		{76F89F73-68BF-4FD6-9133-8101E7E85A69}.Release|x64.ActiveCfg = Release|Any CPU
		{76F89F73-68BF-4FD6-9133-8101E7E85A69}.Release|x64.Build.0 = Release|Any CPU
		{76F89F73-68BF-4FD6-9133-8101E7E85A69}.Release|x86.ActiveCfg = Release|Any CPU
		{76F89F73-68BF-4FD6-9133-8101E7E85A69}.Release|x86.Build.0 = Release|Any CPU
		{EB1750BB-92E0-46B5-8CEF-C92E04D314B7}.Debug|Any CPU.ActiveCfg = Debug|Any CPU
		{EB1750BB-92E0-46B5-8CEF-C92E04D314B7}.Debug|Any CPU.Build.0 = Debug|Any CPU
		{EB1750BB-92E0-46B5-8CEF-C92E04D314B7}.Debug|x64.ActiveCfg = Debug|Any CPU
		{EB1750BB-92E0-46B5-8CEF-C92E04D314B7}.Debug|x64.Build.0 = Debug|Any CPU
		{EB1750BB-92E0-46B5-8CEF-C92E04D314B7}.Debug|x86.ActiveCfg = Debug|Any CPU
		{EB1750BB-92E0-46B5-8CEF-C92E04D314B7}.Debug|x86.Build.0 = Debug|Any CPU
		{EB1750BB-92E0-46B5-8CEF-C92E04D314B7}.Release|Any CPU.ActiveCfg = Release|Any CPU
		{EB1750BB-92E0-46B5-8CEF-C92E04D314B7}.Release|Any CPU.Build.0 = Release|Any CPU
		{EB1750BB-92E0-46B5-8CEF-C92E04D314B7}.Release|x64.ActiveCfg = Release|Any CPU
		{EB1750BB-92E0-46B5-8CEF-C92E04D314B7}.Release|x64.Build.0 = Release|Any CPU
		{EB1750BB-92E0-46B5-8CEF-C92E04D314B7}.Release|x86.ActiveCfg = Release|Any CPU
		{EB1750BB-92E0-46B5-8CEF-C92E04D314B7}.Release|x86.Build.0 = Release|Any CPU
		{65BF4AB8-CB83-437D-AF90-8674BD506335}.Debug|Any CPU.ActiveCfg = Debug|Any CPU
		{65BF4AB8-CB83-437D-AF90-8674BD506335}.Debug|Any CPU.Build.0 = Debug|Any CPU
		{65BF4AB8-CB83-437D-AF90-8674BD506335}.Debug|x64.ActiveCfg = Debug|Any CPU
		{65BF4AB8-CB83-437D-AF90-8674BD506335}.Debug|x64.Build.0 = Debug|Any CPU
		{65BF4AB8-CB83-437D-AF90-8674BD506335}.Debug|x86.ActiveCfg = Debug|Any CPU
		{65BF4AB8-CB83-437D-AF90-8674BD506335}.Debug|x86.Build.0 = Debug|Any CPU
		{65BF4AB8-CB83-437D-AF90-8674BD506335}.Release|Any CPU.ActiveCfg = Release|Any CPU
		{65BF4AB8-CB83-437D-AF90-8674BD506335}.Release|Any CPU.Build.0 = Release|Any CPU
		{65BF4AB8-CB83-437D-AF90-8674BD506335}.Release|x64.ActiveCfg = Release|Any CPU
		{65BF4AB8-CB83-437D-AF90-8674BD506335}.Release|x64.Build.0 = Release|Any CPU
		{65BF4AB8-CB83-437D-AF90-8674BD506335}.Release|x86.ActiveCfg = Release|Any CPU
		{65BF4AB8-CB83-437D-AF90-8674BD506335}.Release|x86.Build.0 = Release|Any CPU
		{3C75897B-0A81-476B-AB66-2016BE7E9E00}.Debug|Any CPU.ActiveCfg = Debug|Any CPU
		{3C75897B-0A81-476B-AB66-2016BE7E9E00}.Debug|Any CPU.Build.0 = Debug|Any CPU
		{3C75897B-0A81-476B-AB66-2016BE7E9E00}.Debug|x64.ActiveCfg = Debug|Any CPU
		{3C75897B-0A81-476B-AB66-2016BE7E9E00}.Debug|x64.Build.0 = Debug|Any CPU
		{3C75897B-0A81-476B-AB66-2016BE7E9E00}.Debug|x86.ActiveCfg = Debug|Any CPU
		{3C75897B-0A81-476B-AB66-2016BE7E9E00}.Debug|x86.Build.0 = Debug|Any CPU
		{3C75897B-0A81-476B-AB66-2016BE7E9E00}.Release|Any CPU.ActiveCfg = Release|Any CPU
		{3C75897B-0A81-476B-AB66-2016BE7E9E00}.Release|Any CPU.Build.0 = Release|Any CPU
		{3C75897B-0A81-476B-AB66-2016BE7E9E00}.Release|x64.ActiveCfg = Release|Any CPU
		{3C75897B-0A81-476B-AB66-2016BE7E9E00}.Release|x64.Build.0 = Release|Any CPU
		{3C75897B-0A81-476B-AB66-2016BE7E9E00}.Release|x86.ActiveCfg = Release|Any CPU
		{3C75897B-0A81-476B-AB66-2016BE7E9E00}.Release|x86.Build.0 = Release|Any CPU
		{CE338AD4-5363-4098-930A-B51675ECE403}.Debug|Any CPU.ActiveCfg = Debug|Any CPU
		{CE338AD4-5363-4098-930A-B51675ECE403}.Debug|Any CPU.Build.0 = Debug|Any CPU
		{CE338AD4-5363-4098-930A-B51675ECE403}.Debug|x64.ActiveCfg = Debug|Any CPU
		{CE338AD4-5363-4098-930A-B51675ECE403}.Debug|x64.Build.0 = Debug|Any CPU
		{CE338AD4-5363-4098-930A-B51675ECE403}.Debug|x86.ActiveCfg = Debug|Any CPU
		{CE338AD4-5363-4098-930A-B51675ECE403}.Debug|x86.Build.0 = Debug|Any CPU
		{CE338AD4-5363-4098-930A-B51675ECE403}.Release|Any CPU.ActiveCfg = Release|Any CPU
		{CE338AD4-5363-4098-930A-B51675ECE403}.Release|Any CPU.Build.0 = Release|Any CPU
		{CE338AD4-5363-4098-930A-B51675ECE403}.Release|x64.ActiveCfg = Release|Any CPU
		{CE338AD4-5363-4098-930A-B51675ECE403}.Release|x64.Build.0 = Release|Any CPU
		{CE338AD4-5363-4098-930A-B51675ECE403}.Release|x86.ActiveCfg = Release|Any CPU
		{CE338AD4-5363-4098-930A-B51675ECE403}.Release|x86.Build.0 = Release|Any CPU
		{540BC330-71E4-4766-B978-CF331A276942}.Debug|Any CPU.ActiveCfg = Debug|Any CPU
		{540BC330-71E4-4766-B978-CF331A276942}.Debug|Any CPU.Build.0 = Debug|Any CPU
		{540BC330-71E4-4766-B978-CF331A276942}.Debug|x64.ActiveCfg = Debug|Any CPU
		{540BC330-71E4-4766-B978-CF331A276942}.Debug|x64.Build.0 = Debug|Any CPU
		{540BC330-71E4-4766-B978-CF331A276942}.Debug|x86.ActiveCfg = Debug|Any CPU
		{540BC330-71E4-4766-B978-CF331A276942}.Debug|x86.Build.0 = Debug|Any CPU
		{540BC330-71E4-4766-B978-CF331A276942}.Release|Any CPU.ActiveCfg = Release|Any CPU
		{540BC330-71E4-4766-B978-CF331A276942}.Release|Any CPU.Build.0 = Release|Any CPU
		{540BC330-71E4-4766-B978-CF331A276942}.Release|x64.ActiveCfg = Release|Any CPU
		{540BC330-71E4-4766-B978-CF331A276942}.Release|x64.Build.0 = Release|Any CPU
		{540BC330-71E4-4766-B978-CF331A276942}.Release|x86.ActiveCfg = Release|Any CPU
		{540BC330-71E4-4766-B978-CF331A276942}.Release|x86.Build.0 = Release|Any CPU
	EndGlobalSection
	GlobalSection(SolutionProperties) = preSolution
		HideSolutionNode = FALSE
	EndGlobalSection
	GlobalSection(NestedProjects) = preSolution
		{D5005D8D-7F75-4C42-A159-F1B416038F11} = {827E0CD3-B72D-47B6-A68D-7590B98EB39B}
		{CEB3488C-FEE6-48D3-9A65-E019D962D855} = {827E0CD3-B72D-47B6-A68D-7590B98EB39B}
		{FFD3DFA6-AD93-4C54-9D6B-3D8AF661FE52} = {827E0CD3-B72D-47B6-A68D-7590B98EB39B}
		{76F89F73-68BF-4FD6-9133-8101E7E85A69} = {827E0CD3-B72D-47B6-A68D-7590B98EB39B}
		{EB1750BB-92E0-46B5-8CEF-C92E04D314B7} = {827E0CD3-B72D-47B6-A68D-7590B98EB39B}
		{65BF4AB8-CB83-437D-AF90-8674BD506335} = {0AB3BF05-4346-4AA6-1389-037BE0695223}
		{3C75897B-0A81-476B-AB66-2016BE7E9E00} = {07C2787E-EAC7-C090-1BA3-A61EC2A24D84}
		{CE338AD4-5363-4098-930A-B51675ECE403} = {827E0CD3-B72D-47B6-A68D-7590B98EB39B}
		{540BC330-71E4-4766-B978-CF331A276942} = {0AB3BF05-4346-4AA6-1389-037BE0695223}
	EndGlobalSection
EndGlobal
